// !$*UTF8*$!
{
	archiveVersion = 1;
	classes = {
	};
	objectVersion = 46;
	objects = {

/* Begin PBXBuildFile section */
		2322B4CF1CA379CC00F122C7 /* main.m in Sources */ = {isa = PBXBuildFile; fileRef = 2322B4CE1CA379CC00F122C7 /* main.m */; };
		2322B4D21CA379CC00F122C7 /* AppDelegate.m in Sources */ = {isa = PBXBuildFile; fileRef = 2322B4D11CA379CC00F122C7 /* AppDelegate.m */; };
		2322B4D51CA379CC00F122C7 /* ViewController.m in Sources */ = {isa = PBXBuildFile; fileRef = 2322B4D41CA379CC00F122C7 /* ViewController.m */; };
		2322B4D81CA379CC00F122C7 /* Main.storyboard in Resources */ = {isa = PBXBuildFile; fileRef = 2322B4D61CA379CC00F122C7 /* Main.storyboard */; };
		2322B4DA1CA379CC00F122C7 /* Assets.xcassets in Resources */ = {isa = PBXBuildFile; fileRef = 2322B4D91CA379CC00F122C7 /* Assets.xcassets */; };
		2322B4DD1CA379CC00F122C7 /* LaunchScreen.storyboard in Resources */ = {isa = PBXBuildFile; fileRef = 2322B4DB1CA379CC00F122C7 /* LaunchScreen.storyboard */; };
		2322B4F11CA3B67900F122C7 /* DateFilterView.m in Sources */ = {isa = PBXBuildFile; fileRef = 2322B4ED1CA3B67900F122C7 /* DateFilterView.m */; };
		2322B4F21CA3B67900F122C7 /* UIView+YYAdd.m in Sources */ = {isa = PBXBuildFile; fileRef = 2322B4EF1CA3B67900F122C7 /* UIView+YYAdd.m */; };
/* End PBXBuildFile section */

/* Begin PBXFileReference section */
		2322B4CA1CA379CC00F122C7 /* DateFilterView.app */ = {isa = PBXFileReference; explicitFileType = wrapper.application; includeInIndex = 0; path = DateFilterView.app; sourceTree = BUILT_PRODUCTS_DIR; };
		2322B4CE1CA379CC00F122C7 /* main.m */ = {isa = PBXFileReference; lastKnownFileType = sourcecode.c.objc; path = main.m; sourceTree = "<group>"; };
		2322B4D01CA379CC00F122C7 /* AppDelegate.h */ = {isa = PBXFileReference; lastKnownFileType = sourcecode.c.h; path = AppDelegate.h; sourceTree = "<group>"; };
		2322B4D11CA379CC00F122C7 /* AppDelegate.m */ = {isa = PBXFileReference; lastKnownFileType = sourcecode.c.objc; path = AppDelegate.m; sourceTree = "<group>"; };
		2322B4D31CA379CC00F122C7 /* ViewController.h */ = {isa = PBXFileReference; lastKnownFileType = sourcecode.c.h; path = ViewController.h; sourceTree = "<group>"; };
		2322B4D41CA379CC00F122C7 /* ViewController.m */ = {isa = PBXFileReference; lastKnownFileType = sourcecode.c.objc; path = ViewController.m; sourceTree = "<group>"; };
		2322B4D71CA379CC00F122C7 /* Base */ = {isa = PBXFileReference; lastKnownFileType = file.storyboard; name = Base; path = Base.lproj/Main.storyboard; sourceTree = "<group>"; };
		2322B4D91CA379CC00F122C7 /* Assets.xcassets */ = {isa = PBXFileReference; lastKnownFileType = folder.assetcatalog; path = Assets.xcassets; sourceTree = "<group>"; };
		2322B4DC1CA379CC00F122C7 /* Base */ = {isa = PBXFileReference; lastKnownFileType = file.storyboard; name = Base; path = Base.lproj/LaunchScreen.storyboard; sourceTree = "<group>"; };
		2322B4DE1CA379CC00F122C7 /* Info.plist */ = {isa = PBXFileReference; lastKnownFileType = text.plist.xml; path = Info.plist; sourceTree = "<group>"; };
		2322B4EC1CA3B67900F122C7 /* DateFilterView.h */ = {isa = PBXFileReference; fileEncoding = 4; lastKnownFileType = sourcecode.c.h; path = DateFilterView.h; sourceTree = "<group>"; };
		2322B4ED1CA3B67900F122C7 /* DateFilterView.m */ = {isa = PBXFileReference; fileEncoding = 4; lastKnownFileType = sourcecode.c.objc; path = DateFilterView.m; sourceTree = "<group>"; };
		2322B4EE1CA3B67900F122C7 /* UIView+YYAdd.h */ = {isa = PBXFileReference; fileEncoding = 4; lastKnownFileType = sourcecode.c.h; path = "UIView+YYAdd.h"; sourceTree = "<group>"; };
		2322B4EF1CA3B67900F122C7 /* UIView+YYAdd.m */ = {isa = PBXFileReference; fileEncoding = 4; lastKnownFileType = sourcecode.c.objc; path = "UIView+YYAdd.m"; sourceTree = "<group>"; };
		2322B4F01CA3B67900F122C7 /* YYCategoriesMacro.h */ = {isa = PBXFileReference; fileEncoding = 4; lastKnownFileType = sourcecode.c.h; path = YYCategoriesMacro.h; sourceTree = "<group>"; };
/* End PBXFileReference section */

/* Begin PBXFrameworksBuildPhase section */
		2322B4C71CA379CC00F122C7 /* Frameworks */ = {
			isa = PBXFrameworksBuildPhase;
			buildActionMask = 2147483647;
			files = (
			);
			runOnlyForDeploymentPostprocessing = 0;
		};
/* End PBXFrameworksBuildPhase section */

/* Begin PBXGroup section */
		2322B4C11CA379CC00F122C7 = {
			isa = PBXGroup;
			children = (
				2322B4CC1CA379CC00F122C7 /* DateFilterView */,
				2322B4CB1CA379CC00F122C7 /* Products */,
			);
			sourceTree = "<group>";
		};
		2322B4CB1CA379CC00F122C7 /* Products */ = {
			isa = PBXGroup;
			children = (
				2322B4CA1CA379CC00F122C7 /* DateFilterView.app */,
			);
			name = Products;
			sourceTree = "<group>";
		};
		2322B4CC1CA379CC00F122C7 /* DateFilterView */ = {
			isa = PBXGroup;
			children = (
				2322B4EB1CA3B67900F122C7 /* DateFilterView */,
				2322B4D01CA379CC00F122C7 /* AppDelegate.h */,
				2322B4D11CA379CC00F122C7 /* AppDelegate.m */,
				2322B4D31CA379CC00F122C7 /* ViewController.h */,
				2322B4D41CA379CC00F122C7 /* ViewController.m */,
				2322B4D61CA379CC00F122C7 /* Main.storyboard */,
				2322B4D91CA379CC00F122C7 /* Assets.xcassets */,
				2322B4DB1CA379CC00F122C7 /* LaunchScreen.storyboard */,
				2322B4DE1CA379CC00F122C7 /* Info.plist */,
				2322B4CD1CA379CC00F122C7 /* Supporting Files */,
			);
			path = DateFilterView;
			sourceTree = "<group>";
		};
		2322B4CD1CA379CC00F122C7 /* Supporting Files */ = {
			isa = PBXGroup;
			children = (
				2322B4CE1CA379CC00F122C7 /* main.m */,
			);
			name = "Supporting Files";
			sourceTree = "<group>";
		};
		2322B4EB1CA3B67900F122C7 /* DateFilterView */ = {
			isa = PBXGroup;
			children = (
				2322B4EC1CA3B67900F122C7 /* DateFilterView.h */,
				2322B4ED1CA3B67900F122C7 /* DateFilterView.m */,
				2322B4EE1CA3B67900F122C7 /* UIView+YYAdd.h */,
				2322B4EF1CA3B67900F122C7 /* UIView+YYAdd.m */,
				2322B4F01CA3B67900F122C7 /* YYCategoriesMacro.h */,
			);
			path = DateFilterView;
			sourceTree = "<group>";
		};
/* End PBXGroup section */

/* Begin PBXNativeTarget section */
		2322B4C91CA379CC00F122C7 /* DateFilterView */ = {
			isa = PBXNativeTarget;
			buildConfigurationList = 2322B4E11CA379CC00F122C7 /* Build configuration list for PBXNativeTarget "DateFilterView" */;
			buildPhases = (
				2322B4C61CA379CC00F122C7 /* Sources */,
				2322B4C71CA379CC00F122C7 /* Frameworks */,
				2322B4C81CA379CC00F122C7 /* Resources */,
			);
			buildRules = (
			);
			dependencies = (
			);
			name = DateFilterView;
			productName = DateFilterView;
			productReference = 2322B4CA1CA379CC00F122C7 /* DateFilterView.app */;
			productType = "com.apple.product-type.application";
		};
/* End PBXNativeTarget section */

/* Begin PBXProject section */
		2322B4C21CA379CC00F122C7 /* Project object */ = {
			isa = PBXProject;
			attributes = {
				LastUpgradeCheck = 0720;
				ORGANIZATIONNAME = wzeiri;
				TargetAttributes = {
					2322B4C91CA379CC00F122C7 = {
						CreatedOnToolsVersion = 7.2.1;
					};
				};
			};
			buildConfigurationList = 2322B4C51CA379CC00F122C7 /* Build configuration list for PBXProject "DateFilterView" */;
			compatibilityVersion = "Xcode 3.2";
			developmentRegion = English;
			hasScannedForEncodings = 0;
			knownRegions = (
				en,
				Base,
			);
			mainGroup = 2322B4C11CA379CC00F122C7;
			productRefGroup = 2322B4CB1CA379CC00F122C7 /* Products */;
			projectDirPath = "";
			projectRoot = "";
			targets = (
				2322B4C91CA379CC00F122C7 /* DateFilterView */,
			);
		};
/* End PBXProject section */

/* Begin PBXResourcesBuildPhase section */
		2322B4C81CA379CC00F122C7 /* Resources */ = {
			isa = PBXResourcesBuildPhase;
			buildActionMask = 2147483647;
			files = (
				2322B4DD1CA379CC00F122C7 /* LaunchScreen.storyboard in Resources */,
				2322B4DA1CA379CC00F122C7 /* Assets.xcassets in Resources */,
				2322B4D81CA379CC00F122C7 /* Main.storyboard in Resources */,
			);
			runOnlyForDeploymentPostprocessing = 0;
		};
/* End PBXResourcesBuildPhase section */

/* Begin PBXSourcesBuildPhase section */
		2322B4C61CA379CC00F122C7 /* Sources */ = {
			isa = PBXSourcesBuildPhase;
			buildActionMask = 2147483647;
			files = (
				2322B4F11CA3B67900F122C7 /* DateFilterView.m in Sources */,
				2322B4F21CA3B67900F122C7 /* UIView+YYAdd.m in Sources */,
				2322B4D51CA379CC00F122C7 /* ViewController.m in Sources */,
				2322B4D21CA379CC00F122C7 /* AppDelegate.m in Sources */,
				2322B4CF1CA379CC00F122C7 /* main.m in Sources */,
			);
			runOnlyForDeploymentPostprocessing = 0;
		};
/* End PBXSourcesBuildPhase section */

/* Begin PBXVariantGroup section */
		2322B4D61CA379CC00F122C7 /* Main.storyboard */ = {
			isa = PBXVariantGroup;
			children = (
				2322B4D71CA379CC00F122C7 /* Base */,
			);
			name = Main.storyboard;
			sourceTree = "<group>";
		};
		2322B4DB1CA379CC00F122C7 /* LaunchScreen.storyboard */ = {
			isa = PBXVariantGroup;
			children = (
				2322B4DC1CA379CC00F122C7 /* Base */,
			);
			name = LaunchScreen.storyboard;
			sourceTree = "<group>";
		};
/* End PBXVariantGroup section */

/* Begin XCBuildConfiguration section */
		2322B4DF1CA379CC00F122C7 /* Debug */ = {
			isa = XCBuildConfiguration;
			buildSettings = {
				ALWAYS_SEARCH_USER_PATHS = NO;
				CLANG_CXX_LANGUAGE_STANDARD = "gnu++0x";
				CLANG_CXX_LIBRARY = "libc++";
				CLANG_ENABLE_MODULES = YES;
				CLANG_ENABLE_OBJC_ARC = YES;
				CLANG_WARN_BOOL_CONVERSION = YES;
				CLANG_WARN_CONSTANT_CONVERSION = YES;
				CLANG_WARN_DIRECT_OBJC_ISA_USAGE = YES_ERROR;
				CLANG_WARN_EMPTY_BODY = YES;
				CLANG_WARN_ENUM_CONVERSION = YES;
				CLANG_WARN_INT_CONVERSION = YES;
				CLANG_WARN_OBJC_ROOT_CLASS = YES_ERROR;
				CLANG_WARN_UNREACHABLE_CODE = YES;
				CLANG_WARN__DUPLICATE_METHOD_MATCH = YES;
				"CODE_SIGN_IDENTITY[sdk=iphoneos*]" = "iPhone Developer";
				COPY_PHASE_STRIP = NO;
				DEBUG_INFORMATION_FORMAT = dwarf;
				ENABLE_STRICT_OBJC_MSGSEND = YES;
				ENABLE_TESTABILITY = YES;
				GCC_C_LANGUAGE_STANDARD = gnu99;
				GCC_DYNAMIC_NO_PIC = NO;
				GCC_NO_COMMON_BLOCKS = YES;
				GCC_OPTIMIZATION_LEVEL = 0;
				GCC_PREPROCESSOR_DEFINITIONS = (
					"DEBUG=1",
					"$(inherited)",
				);
				GCC_WARN_64_TO_32_BIT_CONVERSION = YES;
				GCC_WARN_ABOUT_RETURN_TYPE = YES_ERROR;
				GCC_WARN_UNDECLARED_SELECTOR = YES;
				GCC_WARN_UNINITIALIZED_AUTOS = YES_AGGRESSIVE;
				GCC_WARN_UNUSED_FUNCTION = YES;
				GCC_WARN_UNUSED_VARIABLE = YES;
				IPHONEOS_DEPLOYMENT_TARGET = 9.2;
				MTL_ENABLE_DEBUG_INFO = YES;
				ONLY_ACTIVE_ARCH = YES;
				SDKROOT = iphoneos;
			};
			name = Debug;
		};
		2322B4E01CA379CC00F122C7 /* Release */ = {
			isa = XCBuildConfiguration;
			buildSettings = {
				ALWAYS_SEARCH_USER_PATHS = NO;
				CLANG_CXX_LANGUAGE_STANDARD = "gnu++0x";
				CLANG_CXX_LIBRARY = "libc++";
				CLANG_ENABLE_MODULES = YES;
				CLANG_ENABLE_OBJC_ARC = YES;
				CLANG_WARN_BOOL_CONVERSION = YES;
				CLANG_WARN_CONSTANT_CONVERSION = YES;
				CLANG_WARN_DIRECT_OBJC_ISA_USAGE = YES_ERROR;
				CLANG_WARN_EMPTY_BODY = YES;
				CLANG_WARN_ENUM_CONVERSION = YES;
				CLANG_WARN_INT_CONVERSION = YES;
				CLANG_WARN_OBJC_ROOT_CLASS = YES_ERROR;
				CLANG_WARN_UNREACHABLE_CODE = YES;
				CLANG_WARN__DUPLICATE_METHOD_MATCH = YES;
				"CODE_SIGN_IDENTITY[sdk=iphoneos*]" = "iPhone Developer";
				COPY_PHASE_STRIP = NO;
				DEBUG_INFORMATION_FORMAT = "dwarf-with-dsym";
				ENABLE_NS_ASSERTIONS = NO;
				ENABLE_STRICT_OBJC_MSGSEND = YES;
				GCC_C_LANGUAGE_STANDARD = gnu99;
				GCC_NO_COMMON_BLOCKS = YES;
				GCC_WARN_64_TO_32_BIT_CONVERSION = YES;
				GCC_WARN_ABOUT_RETURN_TYPE = YES_ERROR;
				GCC_WARN_UNDECLARED_SELECTOR = YES;
				GCC_WARN_UNINITIALIZED_AUTOS = YES_AGGRESSIVE;
				GCC_WARN_UNUSED_FUNCTION = YES;
				GCC_WARN_UNUSED_VARIABLE = YES;
				IPHONEOS_DEPLOYMENT_TARGET = 9.2;
				MTL_ENABLE_DEBUG_INFO = NO;
				SDKROOT = iphoneos;
				VALIDATE_PRODUCT = YES;
			};
			name = Release;
		};
		2322B4E21CA379CC00F122C7 /* Debug */ = {
			isa = XCBuildConfiguration;
			buildSettings = {
				ASSETCATALOG_COMPILER_APPICON_NAME = AppIcon;
				INFOPLIST_FILE = DateFilterView/Info.plist;
				LD_RUNPATH_SEARCH_PATHS = "$(inherited) @executable_path/Frameworks";
				PRODUCT_BUNDLE_IDENTIFIER = com.wzeiri.DateFilterView;
				PRODUCT_NAME = "$(TARGET_NAME)";
			};
			name = Debug;
		};
		2322B4E31CA379CC00F122C7 /* Release */ = {
			isa = XCBuildConfiguration;
			buildSettings = {
				ASSETCATALOG_COMPILER_APPICON_NAME = AppIcon;
				INFOPLIST_FILE = DateFilterView/Info.plist;
				LD_RUNPATH_SEARCH_PATHS = "$(inherited) @executable_path/Frameworks";
				PRODUCT_BUNDLE_IDENTIFIER = com.wzeiri.DateFilterView;
				PRODUCT_NAME = "$(TARGET_NAME)";
			};
			name = Release;
		};
/* End XCBuildConfiguration section */

/* Begin XCConfigurationList section */
		2322B4C51CA379CC00F122C7 /* Build configuration list for PBXProject "DateFilterView" */ = {
			isa = XCConfigurationList;
			buildConfigurations = (
				2322B4DF1CA379CC00F122C7 /* Debug */,
				2322B4E01CA379CC00F122C7 /* Release */,
			);
			defaultConfigurationIsVisible = 0;
			defaultConfigurationName = Release;
		};
		2322B4E11CA379CC00F122C7 /* Build configuration list for PBXNativeTarget "DateFilterView" */ = {
			isa = XCConfigurationList;
			buildConfigurations = (
				2322B4E21CA379CC00F122C7 /* Debug */,
				2322B4E31CA379CC00F122C7 /* Release */,
			);
			defaultConfigurationIsVisible = 0;
		};
/* End XCConfigurationList section */
	};
	rootObject = 2322B4C21CA379CC00F122C7 /* Project object */;
}
